
Microsoft Visual Studio Solution File, Format Version 12.00
# Visual Studio 2013
VisualStudioVersion = 12.0.31101.0
MinimumVisualStudioVersion = 10.0.40219.1
Project("{F184B08F-C81C-45F6-A57F-5ABD9991F28F}") = "E-RegOpen", "E-RegOpen.vbproj", "{42C767A6-89C2-44E9-9B4C-EE65F9D7CF8E}"
	ProjectSection(ProjectDependencies) = postProject
		{2276DF0F-F891-4241-A169-B793C722DC64} = {2276DF0F-F891-4241-A169-B793C722DC64}
		{764C6916-1A08-44BB-966A-CA51802F3BE5} = {764C6916-1A08-44BB-966A-CA51802F3BE5}
		{1B88D28B-C691-4A70-A838-FFE508C0111A} = {1B88D28B-C691-4A70-A838-FFE508C0111A}
		{66329FAD-0EE0-4576-96D4-47B32EB52284} = {66329FAD-0EE0-4576-96D4-47B32EB52284}
		{945951B0-7CC2-4C03-BF3E-1FD3F9BBFF0F} = {945951B0-7CC2-4C03-BF3E-1FD3F9BBFF0F}
	EndProjectSection
EndProject
Project("{F184B08F-C81C-45F6-A57F-5ABD9991F28F}") = "cMessageLib", "..\Dll\cMessageLib\cMessageLib.vbproj", "{1B88D28B-C691-4A70-A838-FFE508C0111A}"
	ProjectSection(ProjectDependencies) = postProject
		{764C6916-1A08-44BB-966A-CA51802F3BE5} = {764C6916-1A08-44BB-966A-CA51802F3BE5}
	EndProjectSection
EndProject
Project("{F184B08F-C81C-45F6-A57F-5ABD9991F28F}") = "cStaffEntryLib", "..\Dll\cStaffEntryLib\cStaffEntryLib.vbproj", "{2276DF0F-F891-4241-A169-B793C722DC64}"
	ProjectSection(ProjectDependencies) = postProject
		{764C6916-1A08-44BB-966A-CA51802F3BE5} = {764C6916-1A08-44BB-966A-CA51802F3BE5}
		{1B88D28B-C691-4A70-A838-FFE508C0111A} = {1B88D28B-C691-4A70-A838-FFE508C0111A}
	EndProjectSection
EndProject
Project("{F184B08F-C81C-45F6-A57F-5ABD9991F28F}") = "cAdjustLib", "..\Dll\cAdjustLib\cAdjustLib.vbproj", "{66329FAD-0EE0-4576-96D4-47B32EB52284}"
	ProjectSection(ProjectDependencies) = postProject
		{764C6916-1A08-44BB-966A-CA51802F3BE5} = {764C6916-1A08-44BB-966A-CA51802F3BE5}
		{1B88D28B-C691-4A70-A838-FFE508C0111A} = {1B88D28B-C691-4A70-A838-FFE508C0111A}
		{945951B0-7CC2-4C03-BF3E-1FD3F9BBFF0F} = {945951B0-7CC2-4C03-BF3E-1FD3F9BBFF0F}
	EndProjectSection
EndProject
Project("{F184B08F-C81C-45F6-A57F-5ABD9991F28F}") = "cStructureLib", "..\Dll\cStructureLib\cStructureLib.vbproj", "{764C6916-1A08-44BB-966A-CA51802F3BE5}"
EndProject
Project("{F184B08F-C81C-45F6-A57F-5ABD9991F28F}") = "cOPOSControlLib", "..\Dll\cOPOSControlLib\cOPOSControlLib.vbproj", "{945951B0-7CC2-4C03-BF3E-1FD3F9BBFF0F}"
	ProjectSection(ProjectDependencies) = postProject
		{764C6916-1A08-44BB-966A-CA51802F3BE5} = {764C6916-1A08-44BB-966A-CA51802F3BE5}
		{1B88D28B-C691-4A70-A838-FFE508C0111A} = {1B88D28B-C691-4A70-A838-FFE508C0111A}
	EndProjectSection
EndProject
Global
	GlobalSection(SolutionConfigurationPlatforms) = preSolution
		Debug|Any CPU = Debug|Any CPU
		Release|Any CPU = Release|Any CPU
	EndGlobalSection
	GlobalSection(ProjectConfigurationPlatforms) = postSolution
		{42C767A6-89C2-44E9-9B4C-EE65F9D7CF8E}.Debug|Any CPU.ActiveCfg = Debug|Any CPU
		{42C767A6-89C2-44E9-9B4C-EE65F9D7CF8E}.Debug|Any CPU.Build.0 = Debug|Any CPU
		{42C767A6-89C2-44E9-9B4C-EE65F9D7CF8E}.Release|Any CPU.ActiveCfg = Release|Any CPU
		{42C767A6-89C2-44E9-9B4C-EE65F9D7CF8E}.Release|Any CPU.Build.0 = Release|Any CPU
		{1B88D28B-C691-4A70-A838-FFE508C0111A}.Debug|Any CPU.ActiveCfg = Debug|Any CPU
		{1B88D28B-C691-4A70-A838-FFE508C0111A}.Debug|Any CPU.Build.0 = Debug|Any CPU
		{1B88D28B-C691-4A70-A838-FFE508C0111A}.Release|Any CPU.ActiveCfg = Release|Any CPU
		{1B88D28B-C691-4A70-A838-FFE508C0111A}.Release|Any CPU.Build.0 = Release|Any CPU
		{2276DF0F-F891-4241-A169-B793C722DC64}.Debug|Any CPU.ActiveCfg = Debug|Any CPU
		{2276DF0F-F891-4241-A169-B793C722DC64}.Debug|Any CPU.Build.0 = Debug|Any CPU
		{2276DF0F-F891-4241-A169-B793C722DC64}.Release|Any CPU.ActiveCfg = Release|Any CPU
		{2276DF0F-F891-4241-A169-B793C722DC64}.Release|Any CPU.Build.0 = Release|Any CPU
		{66329FAD-0EE0-4576-96D4-47B32EB52284}.Debug|Any CPU.ActiveCfg = Debug|Any CPU
		{66329FAD-0EE0-4576-96D4-47B32EB52284}.Debug|Any CPU.Build.0 = Debug|Any CPU
		{66329FAD-0EE0-4576-96D4-47B32EB52284}.Release|Any CPU.ActiveCfg = Release|Any CPU
		{66329FAD-0EE0-4576-96D4-47B32EB52284}.Release|Any CPU.Build.0 = Release|Any CPU
		{764C6916-1A08-44BB-966A-CA51802F3BE5}.Debug|Any CPU.ActiveCfg = Debug|Any CPU
		{764C6916-1A08-44BB-966A-CA51802F3BE5}.Debug|Any CPU.Build.0 = Debug|Any CPU
		{764C6916-1A08-44BB-966A-CA51802F3BE5}.Release|Any CPU.ActiveCfg = Release|Any CPU
		{764C6916-1A08-44BB-966A-CA51802F3BE5}.Release|Any CPU.Build.0 = Release|Any CPU
		{945951B0-7CC2-4C03-BF3E-1FD3F9BBFF0F}.Debug|Any CPU.ActiveCfg = Debug|Any CPU
		{945951B0-7CC2-4C03-BF3E-1FD3F9BBFF0F}.Debug|Any CPU.Build.0 = Debug|Any CPU
		{945951B0-7CC2-4C03-BF3E-1FD3F9BBFF0F}.Release|Any CPU.ActiveCfg = Release|Any CPU
		{945951B0-7CC2-4C03-BF3E-1FD3F9BBFF0F}.Release|Any CPU.Build.0 = Release|Any CPU
	EndGlobalSection
	GlobalSection(SolutionProperties) = preSolution
		HideSolutionNode = FALSE
	EndGlobalSection
EndGlobal
