
Microsoft Visual Studio Solution File, Format Version 12.00
# Visual Studio Version 16
VisualStudioVersion = 16.0.29411.108
MinimumVisualStudioVersion = 10.0.40219.1
Project("{F184B08F-C81C-45F6-A57F-5ABD9991F28F}") = "E-POS", "..\E-POS\E-POS.vbproj", "{F9B0AE8B-EB7E-4BA0-A039-200ED886510C}"
	ProjectSection(ProjectDependencies) = postProject
		{764C6916-1A08-44BB-966A-CA51802F3BE5} = {764C6916-1A08-44BB-966A-CA51802F3BE5}
		{1B88D28B-C691-4A70-A838-FFE508C0111A} = {1B88D28B-C691-4A70-A838-FFE508C0111A}
	EndProjectSection
EndProject
Project("{F184B08F-C81C-45F6-A57F-5ABD9991F28F}") = "E-Arrival", "..\E-Arrival\E-Arrival.vbproj", "{C7AE22BF-CC5E-4596-B9CB-BB5C62D76DF2}"
	ProjectSection(ProjectDependencies) = postProject
		{2276DF0F-F891-4241-A169-B793C722DC64} = {2276DF0F-F891-4241-A169-B793C722DC64}
		{764C6916-1A08-44BB-966A-CA51802F3BE5} = {764C6916-1A08-44BB-966A-CA51802F3BE5}
		{335CAD44-2CF5-4A69-9B4D-B3E435451A1F} = {335CAD44-2CF5-4A69-9B4D-B3E435451A1F}
		{902EE070-6B0A-4FEB-9CA7-C59FF724D862} = {902EE070-6B0A-4FEB-9CA7-C59FF724D862}
		{1B88D28B-C691-4A70-A838-FFE508C0111A} = {1B88D28B-C691-4A70-A838-FFE508C0111A}
		{0DBB8BF5-6F6C-463C-A82A-1E5FF23B5A2C} = {0DBB8BF5-6F6C-463C-A82A-1E5FF23B5A2C}
	EndProjectSection
EndProject
Project("{F184B08F-C81C-45F6-A57F-5ABD9991F28F}") = "E-AutoImport", "..\E-AutoImport\E-AutoImport.vbproj", "{6C982596-0EAC-4503-815F-1CEFDC9BFCCB}"
EndProject
Project("{F184B08F-C81C-45F6-A57F-5ABD9991F28F}") = "E-AutoWebCtl", "..\E-AutoWebCtl\E-AutoWebCtl.vbproj", "{8EF5A902-A11D-4E9F-9793-B67656FB0AB9}"
EndProject
Project("{F184B08F-C81C-45F6-A57F-5ABD9991F28F}") = "E-BumonMst", "..\E-BumonMst\E-BumonMst.vbproj", "{9C9EC974-3929-4392-AAE8-4F187053FD9E}"
EndProject
Project("{F184B08F-C81C-45F6-A57F-5ABD9991F28F}") = "E-DayClose", "..\E-DayClose\E-DayClose.vbproj", "{8DD96150-0DA8-4400-BF8A-CFFAB5C10023}"
	ProjectSection(ProjectDependencies) = postProject
		{2276DF0F-F891-4241-A169-B793C722DC64} = {2276DF0F-F891-4241-A169-B793C722DC64}
		{764C6916-1A08-44BB-966A-CA51802F3BE5} = {764C6916-1A08-44BB-966A-CA51802F3BE5}
		{902EE070-6B0A-4FEB-9CA7-C59FF724D862} = {902EE070-6B0A-4FEB-9CA7-C59FF724D862}
		{1B88D28B-C691-4A70-A838-FFE508C0111A} = {1B88D28B-C691-4A70-A838-FFE508C0111A}
		{66329FAD-0EE0-4576-96D4-47B32EB52284} = {66329FAD-0EE0-4576-96D4-47B32EB52284}
	EndProjectSection
EndProject
Project("{F184B08F-C81C-45F6-A57F-5ABD9991F28F}") = "E-InCash", "..\E-InCash\E-InCash.vbproj", "{EDFF339D-B531-4129-A42E-6BA8C4CCA3DC}"
	ProjectSection(ProjectDependencies) = postProject
		{2276DF0F-F891-4241-A169-B793C722DC64} = {2276DF0F-F891-4241-A169-B793C722DC64}
		{764C6916-1A08-44BB-966A-CA51802F3BE5} = {764C6916-1A08-44BB-966A-CA51802F3BE5}
		{1B88D28B-C691-4A70-A838-FFE508C0111A} = {1B88D28B-C691-4A70-A838-FFE508C0111A}
		{66329FAD-0EE0-4576-96D4-47B32EB52284} = {66329FAD-0EE0-4576-96D4-47B32EB52284}
		{945951B0-7CC2-4C03-BF3E-1FD3F9BBFF0F} = {945951B0-7CC2-4C03-BF3E-1FD3F9BBFF0F}
	EndProjectSection
EndProject
Project("{F184B08F-C81C-45F6-A57F-5ABD9991F28F}") = "E-MemberMst", "..\E-MemberMst\E-MemberMst.vbproj", "{23179808-3A4F-4736-94B2-5D79B56457B6}"
EndProject
Project("{F184B08F-C81C-45F6-A57F-5ABD9991F28F}") = "E-NetImport", "..\E-NetImport\E-NetImport.vbproj", "{1C555DE8-609D-478E-ADF3-C4F2532DD955}"
EndProject
Project("{F184B08F-C81C-45F6-A57F-5ABD9991F28F}") = "E-Order", "..\E-Order\E-Order.vbproj", "{893999A0-7FE8-40C6-8053-C51F77D8FE7A}"
EndProject
Project("{F184B08F-C81C-45F6-A57F-5ABD9991F28F}") = "E-OutCash", "..\E-OutCash\E-OutCash.vbproj", "{65621614-000C-476C-8849-A69132BC7AC6}"
EndProject
Project("{F184B08F-C81C-45F6-A57F-5ABD9991F28F}") = "E-ProductMst", "..\E-ProductMst\E-ProductMst.vbproj", "{E0555F07-2FD4-4E64-A4E9-640509DA59EB}"
	ProjectSection(ProjectDependencies) = postProject
		{2276DF0F-F891-4241-A169-B793C722DC64} = {2276DF0F-F891-4241-A169-B793C722DC64}
		{764C6916-1A08-44BB-966A-CA51802F3BE5} = {764C6916-1A08-44BB-966A-CA51802F3BE5}
		{335CAD44-2CF5-4A69-9B4D-B3E435451A1F} = {335CAD44-2CF5-4A69-9B4D-B3E435451A1F}
		{902EE070-6B0A-4FEB-9CA7-C59FF724D862} = {902EE070-6B0A-4FEB-9CA7-C59FF724D862}
		{1B88D28B-C691-4A70-A838-FFE508C0111A} = {1B88D28B-C691-4A70-A838-FFE508C0111A}
		{0DBB8BF5-6F6C-463C-A82A-1E5FF23B5A2C} = {0DBB8BF5-6F6C-463C-A82A-1E5FF23B5A2C}
	EndProjectSection
EndProject
Project("{F184B08F-C81C-45F6-A57F-5ABD9991F28F}") = "E-Register", "..\E-Register\E-Register.vbproj", "{B7970AC1-5789-43C2-9780-6D89CE4356BF}"
	ProjectSection(ProjectDependencies) = postProject
		{2276DF0F-F891-4241-A169-B793C722DC64} = {2276DF0F-F891-4241-A169-B793C722DC64}
		{764C6916-1A08-44BB-966A-CA51802F3BE5} = {764C6916-1A08-44BB-966A-CA51802F3BE5}
		{335CAD44-2CF5-4A69-9B4D-B3E435451A1F} = {335CAD44-2CF5-4A69-9B4D-B3E435451A1F}
		{902EE070-6B0A-4FEB-9CA7-C59FF724D862} = {902EE070-6B0A-4FEB-9CA7-C59FF724D862}
		{1B88D28B-C691-4A70-A838-FFE508C0111A} = {1B88D28B-C691-4A70-A838-FFE508C0111A}
		{66329FAD-0EE0-4576-96D4-47B32EB52284} = {66329FAD-0EE0-4576-96D4-47B32EB52284}
		{945951B0-7CC2-4C03-BF3E-1FD3F9BBFF0F} = {945951B0-7CC2-4C03-BF3E-1FD3F9BBFF0F}
		{0DBB8BF5-6F6C-463C-A82A-1E5FF23B5A2C} = {0DBB8BF5-6F6C-463C-A82A-1E5FF23B5A2C}
	EndProjectSection
EndProject
Project("{F184B08F-C81C-45F6-A57F-5ABD9991F28F}") = "E-RegOpen", "..\E-RegOpen\E-RegOpen.vbproj", "{42C767A6-89C2-44E9-9B4C-EE65F9D7CF8E}"
EndProject
Project("{F184B08F-C81C-45F6-A57F-5ABD9991F28F}") = "E-Shipment", "..\E-Shipment\E-Shipment.vbproj", "{F4D60E67-2EA2-4B40-9F57-9EDD9171AF4A}"
EndProject
Project("{F184B08F-C81C-45F6-A57F-5ABD9991F28F}") = "E-StockMst", "..\E-StockMst\E-StockMst.vbproj", "{1D087FE0-97FD-4F95-B928-0A5D57AF1FC5}"
EndProject
Project("{F184B08F-C81C-45F6-A57F-5ABD9991F28F}") = "cAdjustLib", "..\Dll\cAdjustLib\cAdjustLib.vbproj", "{66329FAD-0EE0-4576-96D4-47B32EB52284}"
	ProjectSection(ProjectDependencies) = postProject
		{764C6916-1A08-44BB-966A-CA51802F3BE5} = {764C6916-1A08-44BB-966A-CA51802F3BE5}
		{1B88D28B-C691-4A70-A838-FFE508C0111A} = {1B88D28B-C691-4A70-A838-FFE508C0111A}
		{945951B0-7CC2-4C03-BF3E-1FD3F9BBFF0F} = {945951B0-7CC2-4C03-BF3E-1FD3F9BBFF0F}
	EndProjectSection
EndProject
Project("{F184B08F-C81C-45F6-A57F-5ABD9991F28F}") = "cMasterMenteLib", "..\Dll\cMasterMenteLib\cMasterMenteLib.vbproj", "{0DBB8BF5-6F6C-463C-A82A-1E5FF23B5A2C}"
	ProjectSection(ProjectDependencies) = postProject
		{2276DF0F-F891-4241-A169-B793C722DC64} = {2276DF0F-F891-4241-A169-B793C722DC64}
		{764C6916-1A08-44BB-966A-CA51802F3BE5} = {764C6916-1A08-44BB-966A-CA51802F3BE5}
		{335CAD44-2CF5-4A69-9B4D-B3E435451A1F} = {335CAD44-2CF5-4A69-9B4D-B3E435451A1F}
		{902EE070-6B0A-4FEB-9CA7-C59FF724D862} = {902EE070-6B0A-4FEB-9CA7-C59FF724D862}
		{1B88D28B-C691-4A70-A838-FFE508C0111A} = {1B88D28B-C691-4A70-A838-FFE508C0111A}
	EndProjectSection
EndProject
Project("{F184B08F-C81C-45F6-A57F-5ABD9991F28F}") = "cMessageLib", "..\Dll\cMessageLib\cMessageLib.vbproj", "{1B88D28B-C691-4A70-A838-FFE508C0111A}"
	ProjectSection(ProjectDependencies) = postProject
		{764C6916-1A08-44BB-966A-CA51802F3BE5} = {764C6916-1A08-44BB-966A-CA51802F3BE5}
	EndProjectSection
EndProject
Project("{F184B08F-C81C-45F6-A57F-5ABD9991F28F}") = "cSelectLib", "..\Dll\cSelectLib\cSelectLib.vbproj", "{335CAD44-2CF5-4A69-9B4D-B3E435451A1F}"
	ProjectSection(ProjectDependencies) = postProject
		{764C6916-1A08-44BB-966A-CA51802F3BE5} = {764C6916-1A08-44BB-966A-CA51802F3BE5}
		{1B88D28B-C691-4A70-A838-FFE508C0111A} = {1B88D28B-C691-4A70-A838-FFE508C0111A}
	EndProjectSection
EndProject
Project("{F184B08F-C81C-45F6-A57F-5ABD9991F28F}") = "cStaffEntryLib", "..\Dll\cStaffEntryLib\cStaffEntryLib.vbproj", "{2276DF0F-F891-4241-A169-B793C722DC64}"
	ProjectSection(ProjectDependencies) = postProject
		{764C6916-1A08-44BB-966A-CA51802F3BE5} = {764C6916-1A08-44BB-966A-CA51802F3BE5}
		{1B88D28B-C691-4A70-A838-FFE508C0111A} = {1B88D28B-C691-4A70-A838-FFE508C0111A}
	EndProjectSection
EndProject
Project("{F184B08F-C81C-45F6-A57F-5ABD9991F28F}") = "cStructureLib", "..\Dll\cStructureLib\cStructureLib.vbproj", "{764C6916-1A08-44BB-966A-CA51802F3BE5}"
EndProject
Project("{F184B08F-C81C-45F6-A57F-5ABD9991F28F}") = "E-ConfigMst", "..\E-ConfigMst\E-ConfigMst.vbproj", "{EC5E894F-A7DC-4E3C-ABC0-424E4814F7F7}"
EndProject
Project("{F184B08F-C81C-45F6-A57F-5ABD9991F28F}") = "E-ChannelMst", "..\E-ChannelMst\E-ChannelMst.vbproj", "{B62398DA-F1F0-45FA-B4AE-17156C1C13AD}"
EndProject
Project("{F184B08F-C81C-45F6-A57F-5ABD9991F28F}") = "E-TagPrint", "..\E-TagPrint\E-TagPrint.vbproj", "{7E284D0C-888F-4219-BC1D-E17A56BE2385}"
EndProject
Project("{F184B08F-C81C-45F6-A57F-5ABD9991F28F}") = "E-SupplierMst", "..\E-SupplierMst\E-SupplierMst.vbproj", "{1204C590-8F94-44FD-A7CD-19C385DA4B80}"
	ProjectSection(ProjectDependencies) = postProject
		{2276DF0F-F891-4241-A169-B793C722DC64} = {2276DF0F-F891-4241-A169-B793C722DC64}
		{764C6916-1A08-44BB-966A-CA51802F3BE5} = {764C6916-1A08-44BB-966A-CA51802F3BE5}
		{335CAD44-2CF5-4A69-9B4D-B3E435451A1F} = {335CAD44-2CF5-4A69-9B4D-B3E435451A1F}
		{1B88D28B-C691-4A70-A838-FFE508C0111A} = {1B88D28B-C691-4A70-A838-FFE508C0111A}
	EndProjectSection
EndProject
Project("{F184B08F-C81C-45F6-A57F-5ABD9991F28F}") = "E-StaffMst", "..\E-StaffMst\E-StaffMst.vbproj", "{6EE51F77-EA18-499E-953D-CCC0CD7B95F7}"
EndProject
Project("{F184B08F-C81C-45F6-A57F-5ABD9991F28F}") = "E-PaymentMst", "..\E-PaymentMst\E-PaymentMst.vbproj", "{4A35F8B3-6BB6-444F-9588-2CB0EDB3F8C8}"
EndProject
Project("{F184B08F-C81C-45F6-A57F-5ABD9991F28F}") = "E-DeliveryCSVOutput", "..\E-DeliveryCsvOutput\E-DeliveryCSVOutput.vbproj", "{16BBC1AE-999D-41C7-8063-5167F800CB88}"
EndProject
Project("{F184B08F-C81C-45F6-A57F-5ABD9991F28F}") = "E-Reserv", "..\E-Reserv\E-Reserv.vbproj", "{47C22DC8-01CB-4651-8600-1900D63AA02F}"
EndProject
Project("{F184B08F-C81C-45F6-A57F-5ABD9991F28F}") = "E-SaleDataCsvOutput", "..\E-SaleDataCsvOutput\E-SaleDataCsvOutput.vbproj", "{4AC5150F-60C2-4F8D-BBF4-90758369D5DC}"
EndProject
Project("{F184B08F-C81C-45F6-A57F-5ABD9991F28F}") = "cOPOSControlLib", "..\Dll\cOPOSControlLib\cOPOSControlLib.vbproj", "{945951B0-7CC2-4C03-BF3E-1FD3F9BBFF0F}"
	ProjectSection(ProjectDependencies) = postProject
		{764C6916-1A08-44BB-966A-CA51802F3BE5} = {764C6916-1A08-44BB-966A-CA51802F3BE5}
		{1B88D28B-C691-4A70-A838-FFE508C0111A} = {1B88D28B-C691-4A70-A838-FFE508C0111A}
	EndProjectSection
EndProject
Project("{F184B08F-C81C-45F6-A57F-5ABD9991F28F}") = "E-PointCard", "..\E-PointCard\E-PointCard.vbproj", "{AE217B9A-CFE5-4B1B-B091-3DF4BE9C135C}"
	ProjectSection(ProjectDependencies) = postProject
		{2276DF0F-F891-4241-A169-B793C722DC64} = {2276DF0F-F891-4241-A169-B793C722DC64}
		{764C6916-1A08-44BB-966A-CA51802F3BE5} = {764C6916-1A08-44BB-966A-CA51802F3BE5}
		{335CAD44-2CF5-4A69-9B4D-B3E435451A1F} = {335CAD44-2CF5-4A69-9B4D-B3E435451A1F}
		{902EE070-6B0A-4FEB-9CA7-C59FF724D862} = {902EE070-6B0A-4FEB-9CA7-C59FF724D862}
		{1B88D28B-C691-4A70-A838-FFE508C0111A} = {1B88D28B-C691-4A70-A838-FFE508C0111A}
		{0DBB8BF5-6F6C-463C-A82A-1E5FF23B5A2C} = {0DBB8BF5-6F6C-463C-A82A-1E5FF23B5A2C}
	EndProjectSection
EndProject
Project("{F184B08F-C81C-45F6-A57F-5ABD9991F28F}") = "E-BomMst", "..\E-BomMst\E-BomMst.vbproj", "{A20AB925-61A8-47BC-BE84-184FADEA9DCC}"
	ProjectSection(ProjectDependencies) = postProject
		{2276DF0F-F891-4241-A169-B793C722DC64} = {2276DF0F-F891-4241-A169-B793C722DC64}
		{764C6916-1A08-44BB-966A-CA51802F3BE5} = {764C6916-1A08-44BB-966A-CA51802F3BE5}
		{335CAD44-2CF5-4A69-9B4D-B3E435451A1F} = {335CAD44-2CF5-4A69-9B4D-B3E435451A1F}
		{1B88D28B-C691-4A70-A838-FFE508C0111A} = {1B88D28B-C691-4A70-A838-FFE508C0111A}
		{0DBB8BF5-6F6C-463C-A82A-1E5FF23B5A2C} = {0DBB8BF5-6F6C-463C-A82A-1E5FF23B5A2C}
	EndProjectSection
EndProject
Project("{F184B08F-C81C-45F6-A57F-5ABD9991F28F}") = "E-AccountMst", "..\E-AccountMst\E-AccountMst.vbproj", "{8BFB9793-86AE-4C5F-A57F-84ADEBA33D58}"
EndProject
Project("{F184B08F-C81C-45F6-A57F-5ABD9991F28F}") = "E-DeliveryMst", "..\E-DeliveryMst\E-DeliveryMst.vbproj", "{52E71AFD-F7E4-4F81-8017-DF7D81F8958C}"
EndProject
Project("{F184B08F-C81C-45F6-A57F-5ABD9991F28F}") = "cReportsLib", "..\Dll\cReportsLib\cReportsLib.vbproj", "{902EE070-6B0A-4FEB-9CA7-C59FF724D862}"
	ProjectSection(ProjectDependencies) = postProject
		{764C6916-1A08-44BB-966A-CA51802F3BE5} = {764C6916-1A08-44BB-966A-CA51802F3BE5}
		{1B88D28B-C691-4A70-A838-FFE508C0111A} = {1B88D28B-C691-4A70-A838-FFE508C0111A}
	EndProjectSection
EndProject
Project("{F184B08F-C81C-45F6-A57F-5ABD9991F28F}") = "cLookUpLib", "..\Dll\cLookUpLib\cLookUpLib.vbproj", "{5C745F29-1FBD-4383-8ACE-6BDAC754E1AD}"
	ProjectSection(ProjectDependencies) = postProject
		{2276DF0F-F891-4241-A169-B793C722DC64} = {2276DF0F-F891-4241-A169-B793C722DC64}
		{764C6916-1A08-44BB-966A-CA51802F3BE5} = {764C6916-1A08-44BB-966A-CA51802F3BE5}
		{335CAD44-2CF5-4A69-9B4D-B3E435451A1F} = {335CAD44-2CF5-4A69-9B4D-B3E435451A1F}
		{1B88D28B-C691-4A70-A838-FFE508C0111A} = {1B88D28B-C691-4A70-A838-FFE508C0111A}
	EndProjectSection
EndProject
Project("{F184B08F-C81C-45F6-A57F-5ABD9991F28F}") = "E-CTIConnect", "..\E-CTIConnect\E-CTIConnect.vbproj", "{6C856C93-8845-444C-AC04-F87CF2B69D33}"
EndProject
Project("{F184B08F-C81C-45F6-A57F-5ABD9991F28F}") = "E-RoomMst", "..\E-RoomMst\E-RoomMst.vbproj", "{E3DA1311-ACA4-4750-AFF4-24FA7A1F5E1D}"
EndProject
Project("{F184B08F-C81C-45F6-A57F-5ABD9991F28F}") = "E-CripNoteRead", "..\E-CripNoteRead\E-CripNoteRead.vbproj", "{37B640D9-718A-4F0C-BEC0-630E4F33E55C}"
EndProject
Project("{F184B08F-C81C-45F6-A57F-5ABD9991F28F}") = "E-MonthClose", "..\E-MonthClose\E-MonthClose.vbproj", "{4977433B-16AE-4144-A663-DDB4B03E9BEB}"
EndProject
Project("{6141683F-8A12-4E36-9623-2EB02B2C2303}") = "Setup", "Setup\Setup\Setup.isproj", "{7410D7E2-080C-4DAD-B187-16AC959FDEA7}"
	ProjectSection(ProjectDependencies) = postProject
		{764C6916-1A08-44BB-966A-CA51802F3BE5} = {764C6916-1A08-44BB-966A-CA51802F3BE5}
		{F9B0AE8B-EB7E-4BA0-A039-200ED886510C} = {F9B0AE8B-EB7E-4BA0-A039-200ED886510C}
		{1B88D28B-C691-4A70-A838-FFE508C0111A} = {1B88D28B-C691-4A70-A838-FFE508C0111A}
	EndProjectSection
EndProject
Project("{F184B08F-C81C-45F6-A57F-5ABD9991F28F}") = "E-CustmorRequest", "..\E-CustmorRequest\E-CustmorRequest.vbproj", "{FD1583FA-8816-41A5-9BE9-AF230E204404}"
EndProject
Project("{F184B08F-C81C-45F6-A57F-5ABD9991F28F}") = "E-InvCheck", "..\E-InvCheck\E-InvCheck.vbproj", "{B069075F-593E-4885-928C-6BAE7DAE7F38}"
EndProject
Project("{F184B08F-C81C-45F6-A57F-5ABD9991F28F}") = "E-RoleMst", "..\E-RoleMst\E-RoleMst.vbproj", "{42A62802-8EF3-464A-84AC-8B0CF05915E4}"
EndProject
Global
	GlobalSection(SolutionConfigurationPlatforms) = preSolution
		CD_ROM|Any CPU = CD_ROM|Any CPU
		Debug|Any CPU = Debug|Any CPU
		DVD-5|Any CPU = DVD-5|Any CPU
		Release|Any CPU = Release|Any CPU
		SingleImage|Any CPU = SingleImage|Any CPU
	EndGlobalSection
	GlobalSection(ProjectConfigurationPlatforms) = postSolution
		{F9B0AE8B-EB7E-4BA0-A039-200ED886510C}.CD_ROM|Any CPU.ActiveCfg = Release|Any CPU
		{F9B0AE8B-EB7E-4BA0-A039-200ED886510C}.CD_ROM|Any CPU.Build.0 = Release|Any CPU
		{F9B0AE8B-EB7E-4BA0-A039-200ED886510C}.Debug|Any CPU.ActiveCfg = Debug|Any CPU
		{F9B0AE8B-EB7E-4BA0-A039-200ED886510C}.Debug|Any CPU.Build.0 = Debug|Any CPU
		{F9B0AE8B-EB7E-4BA0-A039-200ED886510C}.DVD-5|Any CPU.ActiveCfg = Debug|Any CPU
		{F9B0AE8B-EB7E-4BA0-A039-200ED886510C}.DVD-5|Any CPU.Build.0 = Debug|Any CPU
		{F9B0AE8B-EB7E-4BA0-A039-200ED886510C}.Release|Any CPU.ActiveCfg = Release|Any CPU
		{F9B0AE8B-EB7E-4BA0-A039-200ED886510C}.Release|Any CPU.Build.0 = Release|Any CPU
		{F9B0AE8B-EB7E-4BA0-A039-200ED886510C}.SingleImage|Any CPU.ActiveCfg = Release|Any CPU
		{F9B0AE8B-EB7E-4BA0-A039-200ED886510C}.SingleImage|Any CPU.Build.0 = Release|Any CPU
		{C7AE22BF-CC5E-4596-B9CB-BB5C62D76DF2}.CD_ROM|Any CPU.ActiveCfg = Release|Any CPU
		{C7AE22BF-CC5E-4596-B9CB-BB5C62D76DF2}.CD_ROM|Any CPU.Build.0 = Release|Any CPU
		{C7AE22BF-CC5E-4596-B9CB-BB5C62D76DF2}.Debug|Any CPU.ActiveCfg = Debug|Any CPU
		{C7AE22BF-CC5E-4596-B9CB-BB5C62D76DF2}.Debug|Any CPU.Build.0 = Debug|Any CPU
		{C7AE22BF-CC5E-4596-B9CB-BB5C62D76DF2}.DVD-5|Any CPU.ActiveCfg = Debug|Any CPU
		{C7AE22BF-CC5E-4596-B9CB-BB5C62D76DF2}.DVD-5|Any CPU.Build.0 = Debug|Any CPU
		{C7AE22BF-CC5E-4596-B9CB-BB5C62D76DF2}.Release|Any CPU.ActiveCfg = Release|Any CPU
		{C7AE22BF-CC5E-4596-B9CB-BB5C62D76DF2}.Release|Any CPU.Build.0 = Release|Any CPU
		{C7AE22BF-CC5E-4596-B9CB-BB5C62D76DF2}.SingleImage|Any CPU.ActiveCfg = Release|Any CPU
		{C7AE22BF-CC5E-4596-B9CB-BB5C62D76DF2}.SingleImage|Any CPU.Build.0 = Release|Any CPU
		{6C982596-0EAC-4503-815F-1CEFDC9BFCCB}.CD_ROM|Any CPU.ActiveCfg = Release|Any CPU
		{6C982596-0EAC-4503-815F-1CEFDC9BFCCB}.CD_ROM|Any CPU.Build.0 = Release|Any CPU
		{6C982596-0EAC-4503-815F-1CEFDC9BFCCB}.Debug|Any CPU.ActiveCfg = Debug|Any CPU
		{6C982596-0EAC-4503-815F-1CEFDC9BFCCB}.Debug|Any CPU.Build.0 = Debug|Any CPU
		{6C982596-0EAC-4503-815F-1CEFDC9BFCCB}.DVD-5|Any CPU.ActiveCfg = Debug|Any CPU
		{6C982596-0EAC-4503-815F-1CEFDC9BFCCB}.DVD-5|Any CPU.Build.0 = Debug|Any CPU
		{6C982596-0EAC-4503-815F-1CEFDC9BFCCB}.Release|Any CPU.ActiveCfg = Release|Any CPU
		{6C982596-0EAC-4503-815F-1CEFDC9BFCCB}.Release|Any CPU.Build.0 = Release|Any CPU
		{6C982596-0EAC-4503-815F-1CEFDC9BFCCB}.SingleImage|Any CPU.ActiveCfg = Release|Any CPU
		{6C982596-0EAC-4503-815F-1CEFDC9BFCCB}.SingleImage|Any CPU.Build.0 = Release|Any CPU
		{8EF5A902-A11D-4E9F-9793-B67656FB0AB9}.CD_ROM|Any CPU.ActiveCfg = Release|Any CPU
		{8EF5A902-A11D-4E9F-9793-B67656FB0AB9}.CD_ROM|Any CPU.Build.0 = Release|Any CPU
		{8EF5A902-A11D-4E9F-9793-B67656FB0AB9}.Debug|Any CPU.ActiveCfg = Debug|Any CPU
		{8EF5A902-A11D-4E9F-9793-B67656FB0AB9}.Debug|Any CPU.Build.0 = Debug|Any CPU
		{8EF5A902-A11D-4E9F-9793-B67656FB0AB9}.DVD-5|Any CPU.ActiveCfg = Debug|Any CPU
		{8EF5A902-A11D-4E9F-9793-B67656FB0AB9}.DVD-5|Any CPU.Build.0 = Debug|Any CPU
		{8EF5A902-A11D-4E9F-9793-B67656FB0AB9}.Release|Any CPU.ActiveCfg = Release|Any CPU
		{8EF5A902-A11D-4E9F-9793-B67656FB0AB9}.Release|Any CPU.Build.0 = Release|Any CPU
		{8EF5A902-A11D-4E9F-9793-B67656FB0AB9}.SingleImage|Any CPU.ActiveCfg = Release|Any CPU
		{8EF5A902-A11D-4E9F-9793-B67656FB0AB9}.SingleImage|Any CPU.Build.0 = Release|Any CPU
		{9C9EC974-3929-4392-AAE8-4F187053FD9E}.CD_ROM|Any CPU.ActiveCfg = Release|Any CPU
		{9C9EC974-3929-4392-AAE8-4F187053FD9E}.CD_ROM|Any CPU.Build.0 = Release|Any CPU
		{9C9EC974-3929-4392-AAE8-4F187053FD9E}.Debug|Any CPU.ActiveCfg = Debug|Any CPU
		{9C9EC974-3929-4392-AAE8-4F187053FD9E}.Debug|Any CPU.Build.0 = Debug|Any CPU
		{9C9EC974-3929-4392-AAE8-4F187053FD9E}.DVD-5|Any CPU.ActiveCfg = Debug|Any CPU
		{9C9EC974-3929-4392-AAE8-4F187053FD9E}.DVD-5|Any CPU.Build.0 = Debug|Any CPU
		{9C9EC974-3929-4392-AAE8-4F187053FD9E}.Release|Any CPU.ActiveCfg = Release|Any CPU
		{9C9EC974-3929-4392-AAE8-4F187053FD9E}.Release|Any CPU.Build.0 = Release|Any CPU
		{9C9EC974-3929-4392-AAE8-4F187053FD9E}.SingleImage|Any CPU.ActiveCfg = Release|Any CPU
		{9C9EC974-3929-4392-AAE8-4F187053FD9E}.SingleImage|Any CPU.Build.0 = Release|Any CPU
		{8DD96150-0DA8-4400-BF8A-CFFAB5C10023}.CD_ROM|Any CPU.ActiveCfg = Release|Any CPU
		{8DD96150-0DA8-4400-BF8A-CFFAB5C10023}.CD_ROM|Any CPU.Build.0 = Release|Any CPU
		{8DD96150-0DA8-4400-BF8A-CFFAB5C10023}.Debug|Any CPU.ActiveCfg = Debug|Any CPU
		{8DD96150-0DA8-4400-BF8A-CFFAB5C10023}.Debug|Any CPU.Build.0 = Debug|Any CPU
		{8DD96150-0DA8-4400-BF8A-CFFAB5C10023}.DVD-5|Any CPU.ActiveCfg = Debug|Any CPU
		{8DD96150-0DA8-4400-BF8A-CFFAB5C10023}.DVD-5|Any CPU.Build.0 = Debug|Any CPU
		{8DD96150-0DA8-4400-BF8A-CFFAB5C10023}.Release|Any CPU.ActiveCfg = Release|Any CPU
		{8DD96150-0DA8-4400-BF8A-CFFAB5C10023}.Release|Any CPU.Build.0 = Release|Any CPU
		{8DD96150-0DA8-4400-BF8A-CFFAB5C10023}.SingleImage|Any CPU.ActiveCfg = Release|Any CPU
		{8DD96150-0DA8-4400-BF8A-CFFAB5C10023}.SingleImage|Any CPU.Build.0 = Release|Any CPU
		{EDFF339D-B531-4129-A42E-6BA8C4CCA3DC}.CD_ROM|Any CPU.ActiveCfg = Release|Any CPU
		{EDFF339D-B531-4129-A42E-6BA8C4CCA3DC}.CD_ROM|Any CPU.Build.0 = Release|Any CPU
		{EDFF339D-B531-4129-A42E-6BA8C4CCA3DC}.Debug|Any CPU.ActiveCfg = Debug|Any CPU
		{EDFF339D-B531-4129-A42E-6BA8C4CCA3DC}.Debug|Any CPU.Build.0 = Debug|Any CPU
		{EDFF339D-B531-4129-A42E-6BA8C4CCA3DC}.DVD-5|Any CPU.ActiveCfg = Debug|Any CPU
		{EDFF339D-B531-4129-A42E-6BA8C4CCA3DC}.DVD-5|Any CPU.Build.0 = Debug|Any CPU
		{EDFF339D-B531-4129-A42E-6BA8C4CCA3DC}.Release|Any CPU.ActiveCfg = Release|Any CPU
		{EDFF339D-B531-4129-A42E-6BA8C4CCA3DC}.Release|Any CPU.Build.0 = Release|Any CPU
		{EDFF339D-B531-4129-A42E-6BA8C4CCA3DC}.SingleImage|Any CPU.ActiveCfg = Release|Any CPU
		{EDFF339D-B531-4129-A42E-6BA8C4CCA3DC}.SingleImage|Any CPU.Build.0 = Release|Any CPU
		{23179808-3A4F-4736-94B2-5D79B56457B6}.CD_ROM|Any CPU.ActiveCfg = Release|Any CPU
		{23179808-3A4F-4736-94B2-5D79B56457B6}.CD_ROM|Any CPU.Build.0 = Release|Any CPU
		{23179808-3A4F-4736-94B2-5D79B56457B6}.Debug|Any CPU.ActiveCfg = Debug|Any CPU
		{23179808-3A4F-4736-94B2-5D79B56457B6}.Debug|Any CPU.Build.0 = Debug|Any CPU
		{23179808-3A4F-4736-94B2-5D79B56457B6}.DVD-5|Any CPU.ActiveCfg = Debug|Any CPU
		{23179808-3A4F-4736-94B2-5D79B56457B6}.DVD-5|Any CPU.Build.0 = Debug|Any CPU
		{23179808-3A4F-4736-94B2-5D79B56457B6}.Release|Any CPU.ActiveCfg = Release|Any CPU
		{23179808-3A4F-4736-94B2-5D79B56457B6}.Release|Any CPU.Build.0 = Release|Any CPU
		{23179808-3A4F-4736-94B2-5D79B56457B6}.SingleImage|Any CPU.ActiveCfg = Release|Any CPU
		{23179808-3A4F-4736-94B2-5D79B56457B6}.SingleImage|Any CPU.Build.0 = Release|Any CPU
		{1C555DE8-609D-478E-ADF3-C4F2532DD955}.CD_ROM|Any CPU.ActiveCfg = Release|Any CPU
		{1C555DE8-609D-478E-ADF3-C4F2532DD955}.CD_ROM|Any CPU.Build.0 = Release|Any CPU
		{1C555DE8-609D-478E-ADF3-C4F2532DD955}.Debug|Any CPU.ActiveCfg = Debug|Any CPU
		{1C555DE8-609D-478E-ADF3-C4F2532DD955}.Debug|Any CPU.Build.0 = Debug|Any CPU
		{1C555DE8-609D-478E-ADF3-C4F2532DD955}.DVD-5|Any CPU.ActiveCfg = Debug|Any CPU
		{1C555DE8-609D-478E-ADF3-C4F2532DD955}.DVD-5|Any CPU.Build.0 = Debug|Any CPU
		{1C555DE8-609D-478E-ADF3-C4F2532DD955}.Release|Any CPU.ActiveCfg = Release|Any CPU
		{1C555DE8-609D-478E-ADF3-C4F2532DD955}.Release|Any CPU.Build.0 = Release|Any CPU
		{1C555DE8-609D-478E-ADF3-C4F2532DD955}.SingleImage|Any CPU.ActiveCfg = Release|Any CPU
		{1C555DE8-609D-478E-ADF3-C4F2532DD955}.SingleImage|Any CPU.Build.0 = Release|Any CPU
		{893999A0-7FE8-40C6-8053-C51F77D8FE7A}.CD_ROM|Any CPU.ActiveCfg = Release|Any CPU
		{893999A0-7FE8-40C6-8053-C51F77D8FE7A}.CD_ROM|Any CPU.Build.0 = Release|Any CPU
		{893999A0-7FE8-40C6-8053-C51F77D8FE7A}.Debug|Any CPU.ActiveCfg = Debug|Any CPU
		{893999A0-7FE8-40C6-8053-C51F77D8FE7A}.Debug|Any CPU.Build.0 = Debug|Any CPU
		{893999A0-7FE8-40C6-8053-C51F77D8FE7A}.DVD-5|Any CPU.ActiveCfg = Debug|Any CPU
		{893999A0-7FE8-40C6-8053-C51F77D8FE7A}.DVD-5|Any CPU.Build.0 = Debug|Any CPU
		{893999A0-7FE8-40C6-8053-C51F77D8FE7A}.Release|Any CPU.ActiveCfg = Release|Any CPU
		{893999A0-7FE8-40C6-8053-C51F77D8FE7A}.Release|Any CPU.Build.0 = Release|Any CPU
		{893999A0-7FE8-40C6-8053-C51F77D8FE7A}.SingleImage|Any CPU.ActiveCfg = Release|Any CPU
		{893999A0-7FE8-40C6-8053-C51F77D8FE7A}.SingleImage|Any CPU.Build.0 = Release|Any CPU
		{65621614-000C-476C-8849-A69132BC7AC6}.CD_ROM|Any CPU.ActiveCfg = Release|Any CPU
		{65621614-000C-476C-8849-A69132BC7AC6}.CD_ROM|Any CPU.Build.0 = Release|Any CPU
		{65621614-000C-476C-8849-A69132BC7AC6}.Debug|Any CPU.ActiveCfg = Debug|Any CPU
		{65621614-000C-476C-8849-A69132BC7AC6}.Debug|Any CPU.Build.0 = Debug|Any CPU
		{65621614-000C-476C-8849-A69132BC7AC6}.DVD-5|Any CPU.ActiveCfg = Debug|Any CPU
		{65621614-000C-476C-8849-A69132BC7AC6}.DVD-5|Any CPU.Build.0 = Debug|Any CPU
		{65621614-000C-476C-8849-A69132BC7AC6}.Release|Any CPU.ActiveCfg = Release|Any CPU
		{65621614-000C-476C-8849-A69132BC7AC6}.Release|Any CPU.Build.0 = Release|Any CPU
		{65621614-000C-476C-8849-A69132BC7AC6}.SingleImage|Any CPU.ActiveCfg = Release|Any CPU
		{65621614-000C-476C-8849-A69132BC7AC6}.SingleImage|Any CPU.Build.0 = Release|Any CPU
		{E0555F07-2FD4-4E64-A4E9-640509DA59EB}.CD_ROM|Any CPU.ActiveCfg = Release|Any CPU
		{E0555F07-2FD4-4E64-A4E9-640509DA59EB}.CD_ROM|Any CPU.Build.0 = Release|Any CPU
		{E0555F07-2FD4-4E64-A4E9-640509DA59EB}.Debug|Any CPU.ActiveCfg = Debug|Any CPU
		{E0555F07-2FD4-4E64-A4E9-640509DA59EB}.Debug|Any CPU.Build.0 = Debug|Any CPU
		{E0555F07-2FD4-4E64-A4E9-640509DA59EB}.DVD-5|Any CPU.ActiveCfg = Debug|Any CPU
		{E0555F07-2FD4-4E64-A4E9-640509DA59EB}.DVD-5|Any CPU.Build.0 = Debug|Any CPU
		{E0555F07-2FD4-4E64-A4E9-640509DA59EB}.Release|Any CPU.ActiveCfg = Release|Any CPU
		{E0555F07-2FD4-4E64-A4E9-640509DA59EB}.Release|Any CPU.Build.0 = Release|Any CPU
		{E0555F07-2FD4-4E64-A4E9-640509DA59EB}.SingleImage|Any CPU.ActiveCfg = Release|Any CPU
		{E0555F07-2FD4-4E64-A4E9-640509DA59EB}.SingleImage|Any CPU.Build.0 = Release|Any CPU
		{B7970AC1-5789-43C2-9780-6D89CE4356BF}.CD_ROM|Any CPU.ActiveCfg = Release|Any CPU
		{B7970AC1-5789-43C2-9780-6D89CE4356BF}.CD_ROM|Any CPU.Build.0 = Release|Any CPU
		{B7970AC1-5789-43C2-9780-6D89CE4356BF}.Debug|Any CPU.ActiveCfg = Debug|Any CPU
		{B7970AC1-5789-43C2-9780-6D89CE4356BF}.Debug|Any CPU.Build.0 = Debug|Any CPU
		{B7970AC1-5789-43C2-9780-6D89CE4356BF}.DVD-5|Any CPU.ActiveCfg = Debug|Any CPU
		{B7970AC1-5789-43C2-9780-6D89CE4356BF}.DVD-5|Any CPU.Build.0 = Debug|Any CPU
		{B7970AC1-5789-43C2-9780-6D89CE4356BF}.Release|Any CPU.ActiveCfg = Release|Any CPU
		{B7970AC1-5789-43C2-9780-6D89CE4356BF}.Release|Any CPU.Build.0 = Release|Any CPU
		{B7970AC1-5789-43C2-9780-6D89CE4356BF}.SingleImage|Any CPU.ActiveCfg = Release|Any CPU
		{B7970AC1-5789-43C2-9780-6D89CE4356BF}.SingleImage|Any CPU.Build.0 = Release|Any CPU
		{42C767A6-89C2-44E9-9B4C-EE65F9D7CF8E}.CD_ROM|Any CPU.ActiveCfg = Release|Any CPU
		{42C767A6-89C2-44E9-9B4C-EE65F9D7CF8E}.CD_ROM|Any CPU.Build.0 = Release|Any CPU
		{42C767A6-89C2-44E9-9B4C-EE65F9D7CF8E}.Debug|Any CPU.ActiveCfg = Debug|Any CPU
		{42C767A6-89C2-44E9-9B4C-EE65F9D7CF8E}.Debug|Any CPU.Build.0 = Debug|Any CPU
		{42C767A6-89C2-44E9-9B4C-EE65F9D7CF8E}.DVD-5|Any CPU.ActiveCfg = Debug|Any CPU
		{42C767A6-89C2-44E9-9B4C-EE65F9D7CF8E}.DVD-5|Any CPU.Build.0 = Debug|Any CPU
		{42C767A6-89C2-44E9-9B4C-EE65F9D7CF8E}.Release|Any CPU.ActiveCfg = Release|Any CPU
		{42C767A6-89C2-44E9-9B4C-EE65F9D7CF8E}.Release|Any CPU.Build.0 = Release|Any CPU
		{42C767A6-89C2-44E9-9B4C-EE65F9D7CF8E}.SingleImage|Any CPU.ActiveCfg = Release|Any CPU
		{42C767A6-89C2-44E9-9B4C-EE65F9D7CF8E}.SingleImage|Any CPU.Build.0 = Release|Any CPU
		{F4D60E67-2EA2-4B40-9F57-9EDD9171AF4A}.CD_ROM|Any CPU.ActiveCfg = Release|Any CPU
		{F4D60E67-2EA2-4B40-9F57-9EDD9171AF4A}.CD_ROM|Any CPU.Build.0 = Release|Any CPU
		{F4D60E67-2EA2-4B40-9F57-9EDD9171AF4A}.Debug|Any CPU.ActiveCfg = Debug|Any CPU
		{F4D60E67-2EA2-4B40-9F57-9EDD9171AF4A}.Debug|Any CPU.Build.0 = Debug|Any CPU
		{F4D60E67-2EA2-4B40-9F57-9EDD9171AF4A}.DVD-5|Any CPU.ActiveCfg = Debug|Any CPU
		{F4D60E67-2EA2-4B40-9F57-9EDD9171AF4A}.DVD-5|Any CPU.Build.0 = Debug|Any CPU
		{F4D60E67-2EA2-4B40-9F57-9EDD9171AF4A}.Release|Any CPU.ActiveCfg = Release|Any CPU
		{F4D60E67-2EA2-4B40-9F57-9EDD9171AF4A}.Release|Any CPU.Build.0 = Release|Any CPU
		{F4D60E67-2EA2-4B40-9F57-9EDD9171AF4A}.SingleImage|Any CPU.ActiveCfg = Release|Any CPU
		{F4D60E67-2EA2-4B40-9F57-9EDD9171AF4A}.SingleImage|Any CPU.Build.0 = Release|Any CPU
		{1D087FE0-97FD-4F95-B928-0A5D57AF1FC5}.CD_ROM|Any CPU.ActiveCfg = Release|Any CPU
		{1D087FE0-97FD-4F95-B928-0A5D57AF1FC5}.CD_ROM|Any CPU.Build.0 = Release|Any CPU
		{1D087FE0-97FD-4F95-B928-0A5D57AF1FC5}.Debug|Any CPU.ActiveCfg = Debug|Any CPU
		{1D087FE0-97FD-4F95-B928-0A5D57AF1FC5}.Debug|Any CPU.Build.0 = Debug|Any CPU
		{1D087FE0-97FD-4F95-B928-0A5D57AF1FC5}.DVD-5|Any CPU.ActiveCfg = Debug|Any CPU
		{1D087FE0-97FD-4F95-B928-0A5D57AF1FC5}.DVD-5|Any CPU.Build.0 = Debug|Any CPU
		{1D087FE0-97FD-4F95-B928-0A5D57AF1FC5}.Release|Any CPU.ActiveCfg = Release|Any CPU
		{1D087FE0-97FD-4F95-B928-0A5D57AF1FC5}.Release|Any CPU.Build.0 = Release|Any CPU
		{1D087FE0-97FD-4F95-B928-0A5D57AF1FC5}.SingleImage|Any CPU.ActiveCfg = Release|Any CPU
		{1D087FE0-97FD-4F95-B928-0A5D57AF1FC5}.SingleImage|Any CPU.Build.0 = Release|Any CPU
		{66329FAD-0EE0-4576-96D4-47B32EB52284}.CD_ROM|Any CPU.ActiveCfg = Release|Any CPU
		{66329FAD-0EE0-4576-96D4-47B32EB52284}.CD_ROM|Any CPU.Build.0 = Release|Any CPU
		{66329FAD-0EE0-4576-96D4-47B32EB52284}.Debug|Any CPU.ActiveCfg = Debug|Any CPU
		{66329FAD-0EE0-4576-96D4-47B32EB52284}.Debug|Any CPU.Build.0 = Debug|Any CPU
		{66329FAD-0EE0-4576-96D4-47B32EB52284}.DVD-5|Any CPU.ActiveCfg = Debug|Any CPU
		{66329FAD-0EE0-4576-96D4-47B32EB52284}.DVD-5|Any CPU.Build.0 = Debug|Any CPU
		{66329FAD-0EE0-4576-96D4-47B32EB52284}.Release|Any CPU.ActiveCfg = Release|Any CPU
		{66329FAD-0EE0-4576-96D4-47B32EB52284}.Release|Any CPU.Build.0 = Release|Any CPU
		{66329FAD-0EE0-4576-96D4-47B32EB52284}.SingleImage|Any CPU.ActiveCfg = Release|Any CPU
		{66329FAD-0EE0-4576-96D4-47B32EB52284}.SingleImage|Any CPU.Build.0 = Release|Any CPU
		{0DBB8BF5-6F6C-463C-A82A-1E5FF23B5A2C}.CD_ROM|Any CPU.ActiveCfg = Release|Any CPU
		{0DBB8BF5-6F6C-463C-A82A-1E5FF23B5A2C}.CD_ROM|Any CPU.Build.0 = Release|Any CPU
		{0DBB8BF5-6F6C-463C-A82A-1E5FF23B5A2C}.Debug|Any CPU.ActiveCfg = Debug|Any CPU
		{0DBB8BF5-6F6C-463C-A82A-1E5FF23B5A2C}.Debug|Any CPU.Build.0 = Debug|Any CPU
		{0DBB8BF5-6F6C-463C-A82A-1E5FF23B5A2C}.DVD-5|Any CPU.ActiveCfg = Debug|Any CPU
		{0DBB8BF5-6F6C-463C-A82A-1E5FF23B5A2C}.DVD-5|Any CPU.Build.0 = Debug|Any CPU
		{0DBB8BF5-6F6C-463C-A82A-1E5FF23B5A2C}.Release|Any CPU.ActiveCfg = Release|Any CPU
		{0DBB8BF5-6F6C-463C-A82A-1E5FF23B5A2C}.Release|Any CPU.Build.0 = Release|Any CPU
		{0DBB8BF5-6F6C-463C-A82A-1E5FF23B5A2C}.SingleImage|Any CPU.ActiveCfg = Release|Any CPU
		{0DBB8BF5-6F6C-463C-A82A-1E5FF23B5A2C}.SingleImage|Any CPU.Build.0 = Release|Any CPU
		{1B88D28B-C691-4A70-A838-FFE508C0111A}.CD_ROM|Any CPU.ActiveCfg = Release|Any CPU
		{1B88D28B-C691-4A70-A838-FFE508C0111A}.CD_ROM|Any CPU.Build.0 = Release|Any CPU
		{1B88D28B-C691-4A70-A838-FFE508C0111A}.Debug|Any CPU.ActiveCfg = Debug|Any CPU
		{1B88D28B-C691-4A70-A838-FFE508C0111A}.Debug|Any CPU.Build.0 = Debug|Any CPU
		{1B88D28B-C691-4A70-A838-FFE508C0111A}.DVD-5|Any CPU.ActiveCfg = Debug|Any CPU
		{1B88D28B-C691-4A70-A838-FFE508C0111A}.DVD-5|Any CPU.Build.0 = Debug|Any CPU
		{1B88D28B-C691-4A70-A838-FFE508C0111A}.Release|Any CPU.ActiveCfg = Release|Any CPU
		{1B88D28B-C691-4A70-A838-FFE508C0111A}.Release|Any CPU.Build.0 = Release|Any CPU
		{1B88D28B-C691-4A70-A838-FFE508C0111A}.SingleImage|Any CPU.ActiveCfg = Release|Any CPU
		{1B88D28B-C691-4A70-A838-FFE508C0111A}.SingleImage|Any CPU.Build.0 = Release|Any CPU
		{335CAD44-2CF5-4A69-9B4D-B3E435451A1F}.CD_ROM|Any CPU.ActiveCfg = Release|Any CPU
		{335CAD44-2CF5-4A69-9B4D-B3E435451A1F}.CD_ROM|Any CPU.Build.0 = Release|Any CPU
		{335CAD44-2CF5-4A69-9B4D-B3E435451A1F}.Debug|Any CPU.ActiveCfg = Debug|Any CPU
		{335CAD44-2CF5-4A69-9B4D-B3E435451A1F}.Debug|Any CPU.Build.0 = Debug|Any CPU
		{335CAD44-2CF5-4A69-9B4D-B3E435451A1F}.DVD-5|Any CPU.ActiveCfg = Debug|Any CPU
		{335CAD44-2CF5-4A69-9B4D-B3E435451A1F}.DVD-5|Any CPU.Build.0 = Debug|Any CPU
		{335CAD44-2CF5-4A69-9B4D-B3E435451A1F}.Release|Any CPU.ActiveCfg = Release|Any CPU
		{335CAD44-2CF5-4A69-9B4D-B3E435451A1F}.Release|Any CPU.Build.0 = Release|Any CPU
		{335CAD44-2CF5-4A69-9B4D-B3E435451A1F}.SingleImage|Any CPU.ActiveCfg = Release|Any CPU
		{335CAD44-2CF5-4A69-9B4D-B3E435451A1F}.SingleImage|Any CPU.Build.0 = Release|Any CPU
		{2276DF0F-F891-4241-A169-B793C722DC64}.CD_ROM|Any CPU.ActiveCfg = Release|Any CPU
		{2276DF0F-F891-4241-A169-B793C722DC64}.CD_ROM|Any CPU.Build.0 = Release|Any CPU
		{2276DF0F-F891-4241-A169-B793C722DC64}.Debug|Any CPU.ActiveCfg = Debug|Any CPU
		{2276DF0F-F891-4241-A169-B793C722DC64}.Debug|Any CPU.Build.0 = Debug|Any CPU
		{2276DF0F-F891-4241-A169-B793C722DC64}.DVD-5|Any CPU.ActiveCfg = Debug|Any CPU
		{2276DF0F-F891-4241-A169-B793C722DC64}.DVD-5|Any CPU.Build.0 = Debug|Any CPU
		{2276DF0F-F891-4241-A169-B793C722DC64}.Release|Any CPU.ActiveCfg = Release|Any CPU
		{2276DF0F-F891-4241-A169-B793C722DC64}.Release|Any CPU.Build.0 = Release|Any CPU
		{2276DF0F-F891-4241-A169-B793C722DC64}.SingleImage|Any CPU.ActiveCfg = Release|Any CPU
		{2276DF0F-F891-4241-A169-B793C722DC64}.SingleImage|Any CPU.Build.0 = Release|Any CPU
		{764C6916-1A08-44BB-966A-CA51802F3BE5}.CD_ROM|Any CPU.ActiveCfg = Release|Any CPU
		{764C6916-1A08-44BB-966A-CA51802F3BE5}.CD_ROM|Any CPU.Build.0 = Release|Any CPU
		{764C6916-1A08-44BB-966A-CA51802F3BE5}.Debug|Any CPU.ActiveCfg = Debug|Any CPU
		{764C6916-1A08-44BB-966A-CA51802F3BE5}.Debug|Any CPU.Build.0 = Debug|Any CPU
		{764C6916-1A08-44BB-966A-CA51802F3BE5}.DVD-5|Any CPU.ActiveCfg = Debug|Any CPU
		{764C6916-1A08-44BB-966A-CA51802F3BE5}.DVD-5|Any CPU.Build.0 = Debug|Any CPU
		{764C6916-1A08-44BB-966A-CA51802F3BE5}.Release|Any CPU.ActiveCfg = Release|Any CPU
		{764C6916-1A08-44BB-966A-CA51802F3BE5}.Release|Any CPU.Build.0 = Release|Any CPU
		{764C6916-1A08-44BB-966A-CA51802F3BE5}.SingleImage|Any CPU.ActiveCfg = Release|Any CPU
		{764C6916-1A08-44BB-966A-CA51802F3BE5}.SingleImage|Any CPU.Build.0 = Release|Any CPU
		{EC5E894F-A7DC-4E3C-ABC0-424E4814F7F7}.CD_ROM|Any CPU.ActiveCfg = Release|Any CPU
		{EC5E894F-A7DC-4E3C-ABC0-424E4814F7F7}.CD_ROM|Any CPU.Build.0 = Release|Any CPU
		{EC5E894F-A7DC-4E3C-ABC0-424E4814F7F7}.Debug|Any CPU.ActiveCfg = Debug|Any CPU
		{EC5E894F-A7DC-4E3C-ABC0-424E4814F7F7}.Debug|Any CPU.Build.0 = Debug|Any CPU
		{EC5E894F-A7DC-4E3C-ABC0-424E4814F7F7}.DVD-5|Any CPU.ActiveCfg = Debug|Any CPU
		{EC5E894F-A7DC-4E3C-ABC0-424E4814F7F7}.DVD-5|Any CPU.Build.0 = Debug|Any CPU
		{EC5E894F-A7DC-4E3C-ABC0-424E4814F7F7}.Release|Any CPU.ActiveCfg = Release|Any CPU
		{EC5E894F-A7DC-4E3C-ABC0-424E4814F7F7}.Release|Any CPU.Build.0 = Release|Any CPU
		{EC5E894F-A7DC-4E3C-ABC0-424E4814F7F7}.SingleImage|Any CPU.ActiveCfg = Release|Any CPU
		{EC5E894F-A7DC-4E3C-ABC0-424E4814F7F7}.SingleImage|Any CPU.Build.0 = Release|Any CPU
		{B62398DA-F1F0-45FA-B4AE-17156C1C13AD}.CD_ROM|Any CPU.ActiveCfg = Release|Any CPU
		{B62398DA-F1F0-45FA-B4AE-17156C1C13AD}.CD_ROM|Any CPU.Build.0 = Release|Any CPU
		{B62398DA-F1F0-45FA-B4AE-17156C1C13AD}.Debug|Any CPU.ActiveCfg = Debug|Any CPU
		{B62398DA-F1F0-45FA-B4AE-17156C1C13AD}.Debug|Any CPU.Build.0 = Debug|Any CPU
		{B62398DA-F1F0-45FA-B4AE-17156C1C13AD}.DVD-5|Any CPU.ActiveCfg = Debug|Any CPU
		{B62398DA-F1F0-45FA-B4AE-17156C1C13AD}.DVD-5|Any CPU.Build.0 = Debug|Any CPU
		{B62398DA-F1F0-45FA-B4AE-17156C1C13AD}.Release|Any CPU.ActiveCfg = Release|Any CPU
		{B62398DA-F1F0-45FA-B4AE-17156C1C13AD}.Release|Any CPU.Build.0 = Release|Any CPU
		{B62398DA-F1F0-45FA-B4AE-17156C1C13AD}.SingleImage|Any CPU.ActiveCfg = Release|Any CPU
		{B62398DA-F1F0-45FA-B4AE-17156C1C13AD}.SingleImage|Any CPU.Build.0 = Release|Any CPU
		{7E284D0C-888F-4219-BC1D-E17A56BE2385}.CD_ROM|Any CPU.ActiveCfg = Release|Any CPU
		{7E284D0C-888F-4219-BC1D-E17A56BE2385}.CD_ROM|Any CPU.Build.0 = Release|Any CPU
		{7E284D0C-888F-4219-BC1D-E17A56BE2385}.Debug|Any CPU.ActiveCfg = Debug|Any CPU
		{7E284D0C-888F-4219-BC1D-E17A56BE2385}.Debug|Any CPU.Build.0 = Debug|Any CPU
		{7E284D0C-888F-4219-BC1D-E17A56BE2385}.DVD-5|Any CPU.ActiveCfg = Debug|Any CPU
		{7E284D0C-888F-4219-BC1D-E17A56BE2385}.DVD-5|Any CPU.Build.0 = Debug|Any CPU
		{7E284D0C-888F-4219-BC1D-E17A56BE2385}.Release|Any CPU.ActiveCfg = Release|Any CPU
		{7E284D0C-888F-4219-BC1D-E17A56BE2385}.Release|Any CPU.Build.0 = Release|Any CPU
		{7E284D0C-888F-4219-BC1D-E17A56BE2385}.SingleImage|Any CPU.ActiveCfg = Release|Any CPU
		{7E284D0C-888F-4219-BC1D-E17A56BE2385}.SingleImage|Any CPU.Build.0 = Release|Any CPU
		{1204C590-8F94-44FD-A7CD-19C385DA4B80}.CD_ROM|Any CPU.ActiveCfg = Release|Any CPU
		{1204C590-8F94-44FD-A7CD-19C385DA4B80}.CD_ROM|Any CPU.Build.0 = Release|Any CPU
		{1204C590-8F94-44FD-A7CD-19C385DA4B80}.Debug|Any CPU.ActiveCfg = Debug|Any CPU
		{1204C590-8F94-44FD-A7CD-19C385DA4B80}.Debug|Any CPU.Build.0 = Debug|Any CPU
		{1204C590-8F94-44FD-A7CD-19C385DA4B80}.DVD-5|Any CPU.ActiveCfg = Debug|Any CPU
		{1204C590-8F94-44FD-A7CD-19C385DA4B80}.DVD-5|Any CPU.Build.0 = Debug|Any CPU
		{1204C590-8F94-44FD-A7CD-19C385DA4B80}.Release|Any CPU.ActiveCfg = Release|Any CPU
		{1204C590-8F94-44FD-A7CD-19C385DA4B80}.Release|Any CPU.Build.0 = Release|Any CPU
		{1204C590-8F94-44FD-A7CD-19C385DA4B80}.SingleImage|Any CPU.ActiveCfg = Release|Any CPU
		{1204C590-8F94-44FD-A7CD-19C385DA4B80}.SingleImage|Any CPU.Build.0 = Release|Any CPU
		{6EE51F77-EA18-499E-953D-CCC0CD7B95F7}.CD_ROM|Any CPU.ActiveCfg = Release|Any CPU
		{6EE51F77-EA18-499E-953D-CCC0CD7B95F7}.CD_ROM|Any CPU.Build.0 = Release|Any CPU
		{6EE51F77-EA18-499E-953D-CCC0CD7B95F7}.Debug|Any CPU.ActiveCfg = Debug|Any CPU
		{6EE51F77-EA18-499E-953D-CCC0CD7B95F7}.Debug|Any CPU.Build.0 = Debug|Any CPU
		{6EE51F77-EA18-499E-953D-CCC0CD7B95F7}.DVD-5|Any CPU.ActiveCfg = Debug|Any CPU
		{6EE51F77-EA18-499E-953D-CCC0CD7B95F7}.DVD-5|Any CPU.Build.0 = Debug|Any CPU
		{6EE51F77-EA18-499E-953D-CCC0CD7B95F7}.Release|Any CPU.ActiveCfg = Release|Any CPU
		{6EE51F77-EA18-499E-953D-CCC0CD7B95F7}.Release|Any CPU.Build.0 = Release|Any CPU
		{6EE51F77-EA18-499E-953D-CCC0CD7B95F7}.SingleImage|Any CPU.ActiveCfg = Release|Any CPU
		{6EE51F77-EA18-499E-953D-CCC0CD7B95F7}.SingleImage|Any CPU.Build.0 = Release|Any CPU
		{4A35F8B3-6BB6-444F-9588-2CB0EDB3F8C8}.CD_ROM|Any CPU.ActiveCfg = Release|Any CPU
		{4A35F8B3-6BB6-444F-9588-2CB0EDB3F8C8}.CD_ROM|Any CPU.Build.0 = Release|Any CPU
		{4A35F8B3-6BB6-444F-9588-2CB0EDB3F8C8}.Debug|Any CPU.ActiveCfg = Debug|Any CPU
		{4A35F8B3-6BB6-444F-9588-2CB0EDB3F8C8}.Debug|Any CPU.Build.0 = Debug|Any CPU
		{4A35F8B3-6BB6-444F-9588-2CB0EDB3F8C8}.DVD-5|Any CPU.ActiveCfg = Debug|Any CPU
		{4A35F8B3-6BB6-444F-9588-2CB0EDB3F8C8}.DVD-5|Any CPU.Build.0 = Debug|Any CPU
		{4A35F8B3-6BB6-444F-9588-2CB0EDB3F8C8}.Release|Any CPU.ActiveCfg = Release|Any CPU
		{4A35F8B3-6BB6-444F-9588-2CB0EDB3F8C8}.Release|Any CPU.Build.0 = Release|Any CPU
		{4A35F8B3-6BB6-444F-9588-2CB0EDB3F8C8}.SingleImage|Any CPU.ActiveCfg = Release|Any CPU
		{4A35F8B3-6BB6-444F-9588-2CB0EDB3F8C8}.SingleImage|Any CPU.Build.0 = Release|Any CPU
		{16BBC1AE-999D-41C7-8063-5167F800CB88}.CD_ROM|Any CPU.ActiveCfg = Release|Any CPU
		{16BBC1AE-999D-41C7-8063-5167F800CB88}.CD_ROM|Any CPU.Build.0 = Release|Any CPU
		{16BBC1AE-999D-41C7-8063-5167F800CB88}.Debug|Any CPU.ActiveCfg = Debug|Any CPU
		{16BBC1AE-999D-41C7-8063-5167F800CB88}.Debug|Any CPU.Build.0 = Debug|Any CPU
		{16BBC1AE-999D-41C7-8063-5167F800CB88}.DVD-5|Any CPU.ActiveCfg = Debug|Any CPU
		{16BBC1AE-999D-41C7-8063-5167F800CB88}.DVD-5|Any CPU.Build.0 = Debug|Any CPU
		{16BBC1AE-999D-41C7-8063-5167F800CB88}.Release|Any CPU.ActiveCfg = Release|Any CPU
		{16BBC1AE-999D-41C7-8063-5167F800CB88}.Release|Any CPU.Build.0 = Release|Any CPU
		{16BBC1AE-999D-41C7-8063-5167F800CB88}.SingleImage|Any CPU.ActiveCfg = Release|Any CPU
		{16BBC1AE-999D-41C7-8063-5167F800CB88}.SingleImage|Any CPU.Build.0 = Release|Any CPU
		{47C22DC8-01CB-4651-8600-1900D63AA02F}.CD_ROM|Any CPU.ActiveCfg = Release|Any CPU
		{47C22DC8-01CB-4651-8600-1900D63AA02F}.CD_ROM|Any CPU.Build.0 = Release|Any CPU
		{47C22DC8-01CB-4651-8600-1900D63AA02F}.Debug|Any CPU.ActiveCfg = Debug|Any CPU
		{47C22DC8-01CB-4651-8600-1900D63AA02F}.Debug|Any CPU.Build.0 = Debug|Any CPU
		{47C22DC8-01CB-4651-8600-1900D63AA02F}.DVD-5|Any CPU.ActiveCfg = Debug|Any CPU
		{47C22DC8-01CB-4651-8600-1900D63AA02F}.DVD-5|Any CPU.Build.0 = Debug|Any CPU
		{47C22DC8-01CB-4651-8600-1900D63AA02F}.Release|Any CPU.ActiveCfg = Release|Any CPU
		{47C22DC8-01CB-4651-8600-1900D63AA02F}.Release|Any CPU.Build.0 = Release|Any CPU
		{47C22DC8-01CB-4651-8600-1900D63AA02F}.SingleImage|Any CPU.ActiveCfg = Release|Any CPU
		{47C22DC8-01CB-4651-8600-1900D63AA02F}.SingleImage|Any CPU.Build.0 = Release|Any CPU
		{4AC5150F-60C2-4F8D-BBF4-90758369D5DC}.CD_ROM|Any CPU.ActiveCfg = Release|Any CPU
		{4AC5150F-60C2-4F8D-BBF4-90758369D5DC}.CD_ROM|Any CPU.Build.0 = Release|Any CPU
		{4AC5150F-60C2-4F8D-BBF4-90758369D5DC}.Debug|Any CPU.ActiveCfg = Debug|Any CPU
		{4AC5150F-60C2-4F8D-BBF4-90758369D5DC}.Debug|Any CPU.Build.0 = Debug|Any CPU
		{4AC5150F-60C2-4F8D-BBF4-90758369D5DC}.DVD-5|Any CPU.ActiveCfg = Debug|Any CPU
		{4AC5150F-60C2-4F8D-BBF4-90758369D5DC}.DVD-5|Any CPU.Build.0 = Debug|Any CPU
		{4AC5150F-60C2-4F8D-BBF4-90758369D5DC}.Release|Any CPU.ActiveCfg = Release|Any CPU
		{4AC5150F-60C2-4F8D-BBF4-90758369D5DC}.Release|Any CPU.Build.0 = Release|Any CPU
		{4AC5150F-60C2-4F8D-BBF4-90758369D5DC}.SingleImage|Any CPU.ActiveCfg = Release|Any CPU
		{4AC5150F-60C2-4F8D-BBF4-90758369D5DC}.SingleImage|Any CPU.Build.0 = Release|Any CPU
		{945951B0-7CC2-4C03-BF3E-1FD3F9BBFF0F}.CD_ROM|Any CPU.ActiveCfg = Release|Any CPU
		{945951B0-7CC2-4C03-BF3E-1FD3F9BBFF0F}.CD_ROM|Any CPU.Build.0 = Release|Any CPU
		{945951B0-7CC2-4C03-BF3E-1FD3F9BBFF0F}.Debug|Any CPU.ActiveCfg = Debug|Any CPU
		{945951B0-7CC2-4C03-BF3E-1FD3F9BBFF0F}.Debug|Any CPU.Build.0 = Debug|Any CPU
		{945951B0-7CC2-4C03-BF3E-1FD3F9BBFF0F}.DVD-5|Any CPU.ActiveCfg = Debug|Any CPU
		{945951B0-7CC2-4C03-BF3E-1FD3F9BBFF0F}.DVD-5|Any CPU.Build.0 = Debug|Any CPU
		{945951B0-7CC2-4C03-BF3E-1FD3F9BBFF0F}.Release|Any CPU.ActiveCfg = Release|Any CPU
		{945951B0-7CC2-4C03-BF3E-1FD3F9BBFF0F}.Release|Any CPU.Build.0 = Release|Any CPU
		{945951B0-7CC2-4C03-BF3E-1FD3F9BBFF0F}.SingleImage|Any CPU.ActiveCfg = Release|Any CPU
		{945951B0-7CC2-4C03-BF3E-1FD3F9BBFF0F}.SingleImage|Any CPU.Build.0 = Release|Any CPU
		{AE217B9A-CFE5-4B1B-B091-3DF4BE9C135C}.CD_ROM|Any CPU.ActiveCfg = Release|Any CPU
		{AE217B9A-CFE5-4B1B-B091-3DF4BE9C135C}.CD_ROM|Any CPU.Build.0 = Release|Any CPU
		{AE217B9A-CFE5-4B1B-B091-3DF4BE9C135C}.Debug|Any CPU.ActiveCfg = Debug|Any CPU
		{AE217B9A-CFE5-4B1B-B091-3DF4BE9C135C}.Debug|Any CPU.Build.0 = Debug|Any CPU
		{AE217B9A-CFE5-4B1B-B091-3DF4BE9C135C}.DVD-5|Any CPU.ActiveCfg = Debug|Any CPU
		{AE217B9A-CFE5-4B1B-B091-3DF4BE9C135C}.DVD-5|Any CPU.Build.0 = Debug|Any CPU
		{AE217B9A-CFE5-4B1B-B091-3DF4BE9C135C}.Release|Any CPU.ActiveCfg = Release|Any CPU
		{AE217B9A-CFE5-4B1B-B091-3DF4BE9C135C}.Release|Any CPU.Build.0 = Release|Any CPU
		{AE217B9A-CFE5-4B1B-B091-3DF4BE9C135C}.SingleImage|Any CPU.ActiveCfg = Release|Any CPU
		{AE217B9A-CFE5-4B1B-B091-3DF4BE9C135C}.SingleImage|Any CPU.Build.0 = Release|Any CPU
		{A20AB925-61A8-47BC-BE84-184FADEA9DCC}.CD_ROM|Any CPU.ActiveCfg = Release|Any CPU
		{A20AB925-61A8-47BC-BE84-184FADEA9DCC}.CD_ROM|Any CPU.Build.0 = Release|Any CPU
		{A20AB925-61A8-47BC-BE84-184FADEA9DCC}.Debug|Any CPU.ActiveCfg = Debug|Any CPU
		{A20AB925-61A8-47BC-BE84-184FADEA9DCC}.Debug|Any CPU.Build.0 = Debug|Any CPU
		{A20AB925-61A8-47BC-BE84-184FADEA9DCC}.DVD-5|Any CPU.ActiveCfg = Debug|Any CPU
		{A20AB925-61A8-47BC-BE84-184FADEA9DCC}.DVD-5|Any CPU.Build.0 = Debug|Any CPU
		{A20AB925-61A8-47BC-BE84-184FADEA9DCC}.Release|Any CPU.ActiveCfg = Release|Any CPU
		{A20AB925-61A8-47BC-BE84-184FADEA9DCC}.Release|Any CPU.Build.0 = Release|Any CPU
		{A20AB925-61A8-47BC-BE84-184FADEA9DCC}.SingleImage|Any CPU.ActiveCfg = Release|Any CPU
		{A20AB925-61A8-47BC-BE84-184FADEA9DCC}.SingleImage|Any CPU.Build.0 = Release|Any CPU
		{8BFB9793-86AE-4C5F-A57F-84ADEBA33D58}.CD_ROM|Any CPU.ActiveCfg = Release|Any CPU
		{8BFB9793-86AE-4C5F-A57F-84ADEBA33D58}.CD_ROM|Any CPU.Build.0 = Release|Any CPU
		{8BFB9793-86AE-4C5F-A57F-84ADEBA33D58}.Debug|Any CPU.ActiveCfg = Debug|Any CPU
		{8BFB9793-86AE-4C5F-A57F-84ADEBA33D58}.Debug|Any CPU.Build.0 = Debug|Any CPU
		{8BFB9793-86AE-4C5F-A57F-84ADEBA33D58}.DVD-5|Any CPU.ActiveCfg = Debug|Any CPU
		{8BFB9793-86AE-4C5F-A57F-84ADEBA33D58}.DVD-5|Any CPU.Build.0 = Debug|Any CPU
		{8BFB9793-86AE-4C5F-A57F-84ADEBA33D58}.Release|Any CPU.ActiveCfg = Release|Any CPU
		{8BFB9793-86AE-4C5F-A57F-84ADEBA33D58}.Release|Any CPU.Build.0 = Release|Any CPU
		{8BFB9793-86AE-4C5F-A57F-84ADEBA33D58}.SingleImage|Any CPU.ActiveCfg = Release|Any CPU
		{8BFB9793-86AE-4C5F-A57F-84ADEBA33D58}.SingleImage|Any CPU.Build.0 = Release|Any CPU
		{52E71AFD-F7E4-4F81-8017-DF7D81F8958C}.CD_ROM|Any CPU.ActiveCfg = Release|Any CPU
		{52E71AFD-F7E4-4F81-8017-DF7D81F8958C}.CD_ROM|Any CPU.Build.0 = Release|Any CPU
		{52E71AFD-F7E4-4F81-8017-DF7D81F8958C}.Debug|Any CPU.ActiveCfg = Debug|Any CPU
		{52E71AFD-F7E4-4F81-8017-DF7D81F8958C}.Debug|Any CPU.Build.0 = Debug|Any CPU
		{52E71AFD-F7E4-4F81-8017-DF7D81F8958C}.DVD-5|Any CPU.ActiveCfg = Debug|Any CPU
		{52E71AFD-F7E4-4F81-8017-DF7D81F8958C}.DVD-5|Any CPU.Build.0 = Debug|Any CPU
		{52E71AFD-F7E4-4F81-8017-DF7D81F8958C}.Release|Any CPU.ActiveCfg = Release|Any CPU
		{52E71AFD-F7E4-4F81-8017-DF7D81F8958C}.Release|Any CPU.Build.0 = Release|Any CPU
		{52E71AFD-F7E4-4F81-8017-DF7D81F8958C}.SingleImage|Any CPU.ActiveCfg = Release|Any CPU
		{52E71AFD-F7E4-4F81-8017-DF7D81F8958C}.SingleImage|Any CPU.Build.0 = Release|Any CPU
		{902EE070-6B0A-4FEB-9CA7-C59FF724D862}.CD_ROM|Any CPU.ActiveCfg = Release|Any CPU
		{902EE070-6B0A-4FEB-9CA7-C59FF724D862}.CD_ROM|Any CPU.Build.0 = Release|Any CPU
		{902EE070-6B0A-4FEB-9CA7-C59FF724D862}.Debug|Any CPU.ActiveCfg = Debug|Any CPU
		{902EE070-6B0A-4FEB-9CA7-C59FF724D862}.Debug|Any CPU.Build.0 = Debug|Any CPU
		{902EE070-6B0A-4FEB-9CA7-C59FF724D862}.DVD-5|Any CPU.ActiveCfg = Debug|Any CPU
		{902EE070-6B0A-4FEB-9CA7-C59FF724D862}.DVD-5|Any CPU.Build.0 = Debug|Any CPU
		{902EE070-6B0A-4FEB-9CA7-C59FF724D862}.Release|Any CPU.ActiveCfg = Release|Any CPU
		{902EE070-6B0A-4FEB-9CA7-C59FF724D862}.Release|Any CPU.Build.0 = Release|Any CPU
		{902EE070-6B0A-4FEB-9CA7-C59FF724D862}.SingleImage|Any CPU.ActiveCfg = Release|Any CPU
		{902EE070-6B0A-4FEB-9CA7-C59FF724D862}.SingleImage|Any CPU.Build.0 = Release|Any CPU
		{5C745F29-1FBD-4383-8ACE-6BDAC754E1AD}.CD_ROM|Any CPU.ActiveCfg = Release|Any CPU
		{5C745F29-1FBD-4383-8ACE-6BDAC754E1AD}.CD_ROM|Any CPU.Build.0 = Release|Any CPU
		{5C745F29-1FBD-4383-8ACE-6BDAC754E1AD}.Debug|Any CPU.ActiveCfg = Debug|Any CPU
		{5C745F29-1FBD-4383-8ACE-6BDAC754E1AD}.Debug|Any CPU.Build.0 = Debug|Any CPU
		{5C745F29-1FBD-4383-8ACE-6BDAC754E1AD}.DVD-5|Any CPU.ActiveCfg = Debug|Any CPU
		{5C745F29-1FBD-4383-8ACE-6BDAC754E1AD}.DVD-5|Any CPU.Build.0 = Debug|Any CPU
		{5C745F29-1FBD-4383-8ACE-6BDAC754E1AD}.Release|Any CPU.ActiveCfg = Release|Any CPU
		{5C745F29-1FBD-4383-8ACE-6BDAC754E1AD}.Release|Any CPU.Build.0 = Release|Any CPU
		{5C745F29-1FBD-4383-8ACE-6BDAC754E1AD}.SingleImage|Any CPU.ActiveCfg = Release|Any CPU
		{5C745F29-1FBD-4383-8ACE-6BDAC754E1AD}.SingleImage|Any CPU.Build.0 = Release|Any CPU
		{6C856C93-8845-444C-AC04-F87CF2B69D33}.CD_ROM|Any CPU.ActiveCfg = Release|Any CPU
		{6C856C93-8845-444C-AC04-F87CF2B69D33}.CD_ROM|Any CPU.Build.0 = Release|Any CPU
		{6C856C93-8845-444C-AC04-F87CF2B69D33}.Debug|Any CPU.ActiveCfg = Debug|Any CPU
		{6C856C93-8845-444C-AC04-F87CF2B69D33}.Debug|Any CPU.Build.0 = Debug|Any CPU
		{6C856C93-8845-444C-AC04-F87CF2B69D33}.DVD-5|Any CPU.ActiveCfg = Debug|Any CPU
		{6C856C93-8845-444C-AC04-F87CF2B69D33}.DVD-5|Any CPU.Build.0 = Debug|Any CPU
		{6C856C93-8845-444C-AC04-F87CF2B69D33}.Release|Any CPU.ActiveCfg = Release|Any CPU
		{6C856C93-8845-444C-AC04-F87CF2B69D33}.Release|Any CPU.Build.0 = Release|Any CPU
		{6C856C93-8845-444C-AC04-F87CF2B69D33}.SingleImage|Any CPU.ActiveCfg = Release|Any CPU
		{6C856C93-8845-444C-AC04-F87CF2B69D33}.SingleImage|Any CPU.Build.0 = Release|Any CPU
		{E3DA1311-ACA4-4750-AFF4-24FA7A1F5E1D}.CD_ROM|Any CPU.ActiveCfg = Release|Any CPU
		{E3DA1311-ACA4-4750-AFF4-24FA7A1F5E1D}.CD_ROM|Any CPU.Build.0 = Release|Any CPU
		{E3DA1311-ACA4-4750-AFF4-24FA7A1F5E1D}.Debug|Any CPU.ActiveCfg = Debug|Any CPU
		{E3DA1311-ACA4-4750-AFF4-24FA7A1F5E1D}.Debug|Any CPU.Build.0 = Debug|Any CPU
		{E3DA1311-ACA4-4750-AFF4-24FA7A1F5E1D}.DVD-5|Any CPU.ActiveCfg = Debug|Any CPU
		{E3DA1311-ACA4-4750-AFF4-24FA7A1F5E1D}.DVD-5|Any CPU.Build.0 = Debug|Any CPU
		{E3DA1311-ACA4-4750-AFF4-24FA7A1F5E1D}.Release|Any CPU.ActiveCfg = Release|Any CPU
		{E3DA1311-ACA4-4750-AFF4-24FA7A1F5E1D}.Release|Any CPU.Build.0 = Release|Any CPU
		{E3DA1311-ACA4-4750-AFF4-24FA7A1F5E1D}.SingleImage|Any CPU.ActiveCfg = Release|Any CPU
		{E3DA1311-ACA4-4750-AFF4-24FA7A1F5E1D}.SingleImage|Any CPU.Build.0 = Release|Any CPU
		{37B640D9-718A-4F0C-BEC0-630E4F33E55C}.CD_ROM|Any CPU.ActiveCfg = Release|Any CPU
		{37B640D9-718A-4F0C-BEC0-630E4F33E55C}.CD_ROM|Any CPU.Build.0 = Release|Any CPU
		{37B640D9-718A-4F0C-BEC0-630E4F33E55C}.Debug|Any CPU.ActiveCfg = Debug|Any CPU
		{37B640D9-718A-4F0C-BEC0-630E4F33E55C}.Debug|Any CPU.Build.0 = Debug|Any CPU
		{37B640D9-718A-4F0C-BEC0-630E4F33E55C}.DVD-5|Any CPU.ActiveCfg = Debug|Any CPU
		{37B640D9-718A-4F0C-BEC0-630E4F33E55C}.DVD-5|Any CPU.Build.0 = Debug|Any CPU
		{37B640D9-718A-4F0C-BEC0-630E4F33E55C}.Release|Any CPU.ActiveCfg = Release|Any CPU
		{37B640D9-718A-4F0C-BEC0-630E4F33E55C}.Release|Any CPU.Build.0 = Release|Any CPU
		{37B640D9-718A-4F0C-BEC0-630E4F33E55C}.SingleImage|Any CPU.ActiveCfg = Release|Any CPU
		{37B640D9-718A-4F0C-BEC0-630E4F33E55C}.SingleImage|Any CPU.Build.0 = Release|Any CPU
		{4977433B-16AE-4144-A663-DDB4B03E9BEB}.CD_ROM|Any CPU.ActiveCfg = Release|Any CPU
		{4977433B-16AE-4144-A663-DDB4B03E9BEB}.CD_ROM|Any CPU.Build.0 = Release|Any CPU
		{4977433B-16AE-4144-A663-DDB4B03E9BEB}.Debug|Any CPU.ActiveCfg = Debug|Any CPU
		{4977433B-16AE-4144-A663-DDB4B03E9BEB}.Debug|Any CPU.Build.0 = Debug|Any CPU
		{4977433B-16AE-4144-A663-DDB4B03E9BEB}.DVD-5|Any CPU.ActiveCfg = Debug|Any CPU
		{4977433B-16AE-4144-A663-DDB4B03E9BEB}.DVD-5|Any CPU.Build.0 = Debug|Any CPU
		{4977433B-16AE-4144-A663-DDB4B03E9BEB}.Release|Any CPU.ActiveCfg = Release|Any CPU
		{4977433B-16AE-4144-A663-DDB4B03E9BEB}.Release|Any CPU.Build.0 = Release|Any CPU
		{4977433B-16AE-4144-A663-DDB4B03E9BEB}.SingleImage|Any CPU.ActiveCfg = Release|Any CPU
		{4977433B-16AE-4144-A663-DDB4B03E9BEB}.SingleImage|Any CPU.Build.0 = Release|Any CPU
		{7410D7E2-080C-4DAD-B187-16AC959FDEA7}.CD_ROM|Any CPU.ActiveCfg = CD_ROM
		{7410D7E2-080C-4DAD-B187-16AC959FDEA7}.CD_ROM|Any CPU.Build.0 = CD_ROM
		{7410D7E2-080C-4DAD-B187-16AC959FDEA7}.Debug|Any CPU.ActiveCfg = DVD-5
		{7410D7E2-080C-4DAD-B187-16AC959FDEA7}.Debug|Any CPU.Build.0 = DVD-5
		{7410D7E2-080C-4DAD-B187-16AC959FDEA7}.DVD-5|Any CPU.ActiveCfg = DVD-5
		{7410D7E2-080C-4DAD-B187-16AC959FDEA7}.DVD-5|Any CPU.Build.0 = DVD-5
		{7410D7E2-080C-4DAD-B187-16AC959FDEA7}.Release|Any CPU.ActiveCfg = SingleImage
		{7410D7E2-080C-4DAD-B187-16AC959FDEA7}.Release|Any CPU.Build.0 = SingleImage
		{7410D7E2-080C-4DAD-B187-16AC959FDEA7}.SingleImage|Any CPU.ActiveCfg = SingleImage
		{7410D7E2-080C-4DAD-B187-16AC959FDEA7}.SingleImage|Any CPU.Build.0 = SingleImage
		{FD1583FA-8816-41A5-9BE9-AF230E204404}.CD_ROM|Any CPU.ActiveCfg = Release|Any CPU
		{FD1583FA-8816-41A5-9BE9-AF230E204404}.CD_ROM|Any CPU.Build.0 = Release|Any CPU
		{FD1583FA-8816-41A5-9BE9-AF230E204404}.Debug|Any CPU.ActiveCfg = Debug|Any CPU
		{FD1583FA-8816-41A5-9BE9-AF230E204404}.Debug|Any CPU.Build.0 = Debug|Any CPU
		{FD1583FA-8816-41A5-9BE9-AF230E204404}.DVD-5|Any CPU.ActiveCfg = Debug|Any CPU
		{FD1583FA-8816-41A5-9BE9-AF230E204404}.DVD-5|Any CPU.Build.0 = Debug|Any CPU
		{FD1583FA-8816-41A5-9BE9-AF230E204404}.Release|Any CPU.ActiveCfg = Release|Any CPU
		{FD1583FA-8816-41A5-9BE9-AF230E204404}.Release|Any CPU.Build.0 = Release|Any CPU
		{FD1583FA-8816-41A5-9BE9-AF230E204404}.SingleImage|Any CPU.ActiveCfg = Release|Any CPU
		{FD1583FA-8816-41A5-9BE9-AF230E204404}.SingleImage|Any CPU.Build.0 = Release|Any CPU
		{B069075F-593E-4885-928C-6BAE7DAE7F38}.CD_ROM|Any CPU.ActiveCfg = Release|Any CPU
		{B069075F-593E-4885-928C-6BAE7DAE7F38}.CD_ROM|Any CPU.Build.0 = Release|Any CPU
		{B069075F-593E-4885-928C-6BAE7DAE7F38}.Debug|Any CPU.ActiveCfg = Debug|Any CPU
		{B069075F-593E-4885-928C-6BAE7DAE7F38}.Debug|Any CPU.Build.0 = Debug|Any CPU
		{B069075F-593E-4885-928C-6BAE7DAE7F38}.DVD-5|Any CPU.ActiveCfg = Debug|Any CPU
		{B069075F-593E-4885-928C-6BAE7DAE7F38}.DVD-5|Any CPU.Build.0 = Debug|Any CPU
		{B069075F-593E-4885-928C-6BAE7DAE7F38}.Release|Any CPU.ActiveCfg = Release|Any CPU
		{B069075F-593E-4885-928C-6BAE7DAE7F38}.Release|Any CPU.Build.0 = Release|Any CPU
		{B069075F-593E-4885-928C-6BAE7DAE7F38}.SingleImage|Any CPU.ActiveCfg = Release|Any CPU
		{B069075F-593E-4885-928C-6BAE7DAE7F38}.SingleImage|Any CPU.Build.0 = Release|Any CPU
		{42A62802-8EF3-464A-84AC-8B0CF05915E4}.CD_ROM|Any CPU.ActiveCfg = Release|Any CPU
		{42A62802-8EF3-464A-84AC-8B0CF05915E4}.CD_ROM|Any CPU.Build.0 = Release|Any CPU
		{42A62802-8EF3-464A-84AC-8B0CF05915E4}.Debug|Any CPU.ActiveCfg = Debug|Any CPU
		{42A62802-8EF3-464A-84AC-8B0CF05915E4}.Debug|Any CPU.Build.0 = Debug|Any CPU
		{42A62802-8EF3-464A-84AC-8B0CF05915E4}.DVD-5|Any CPU.ActiveCfg = Debug|Any CPU
		{42A62802-8EF3-464A-84AC-8B0CF05915E4}.DVD-5|Any CPU.Build.0 = Debug|Any CPU
		{42A62802-8EF3-464A-84AC-8B0CF05915E4}.Release|Any CPU.ActiveCfg = Release|Any CPU
		{42A62802-8EF3-464A-84AC-8B0CF05915E4}.Release|Any CPU.Build.0 = Release|Any CPU
		{42A62802-8EF3-464A-84AC-8B0CF05915E4}.SingleImage|Any CPU.ActiveCfg = Release|Any CPU
		{42A62802-8EF3-464A-84AC-8B0CF05915E4}.SingleImage|Any CPU.Build.0 = Release|Any CPU
	EndGlobalSection
	GlobalSection(SolutionProperties) = preSolution
		HideSolutionNode = FALSE
	EndGlobalSection
	GlobalSection(ExtensibilityGlobals) = postSolution
		SolutionGuid = {1ED979F6-A81E-4140-B4A3-90E94EEDD553}
	EndGlobalSection
EndGlobal
